// !$*UTF8*$!
{
	archiveVersion = 1;
	classes = {
	};
	objectVersion = 50;
	objects = {

/* Begin PBXBuildFile section */
		4246CCC62520779100143257 /* AppDelegate.m in Sources */ = {isa = PBXBuildFile; fileRef = 4246CCC52520779100143257 /* AppDelegate.m */; };
		4246CCC92520779100143257 /* SceneDelegate.m in Sources */ = {isa = PBXBuildFile; fileRef = 4246CCC82520779100143257 /* SceneDelegate.m */; };
		4246CCCC2520779100143257 /* ViewController.m in Sources */ = {isa = PBXBuildFile; fileRef = 4246CCCB2520779100143257 /* ViewController.m */; };
		4246CCCF2520779100143257 /* Main.storyboard in Resources */ = {isa = PBXBuildFile; fileRef = 4246CCCD2520779100143257 /* Main.storyboard */; };
		4246CCD12520779300143257 /* Assets.xcassets in Resources */ = {isa = PBXBuildFile; fileRef = 4246CCD02520779300143257 /* Assets.xcassets */; };
		4246CCD42520779300143257 /* LaunchScreen.storyboard in Resources */ = {isa = PBXBuildFile; fileRef = 4246CCD22520779300143257 /* LaunchScreen.storyboard */; };
		4246CCD72520779300143257 /* main.m in Sources */ = {isa = PBXBuildFile; fileRef = 4246CCD62520779300143257 /* main.m */; };
		FF7B492727B81E9A429C7AB5 /* Pods_CCMemoryStyleDemo.framework in Frameworks */ = {isa = PBXBuildFile; fileRef = 5F59419D5F050B2B284AB061 /* Pods_CCMemoryStyleDemo.framework */; };
/* End PBXBuildFile section */

/* Begin PBXFileReference section */
		18F858FF09A89477BA61279A /* Pods-CCMemoryStyleDemo.release.xcconfig */ = {isa = PBXFileReference; includeInIndex = 1; lastKnownFileType = text.xcconfig; name = "Pods-CCMemoryStyleDemo.release.xcconfig"; path = "Target Support Files/Pods-CCMemoryStyleDemo/Pods-CCMemoryStyleDemo.release.xcconfig"; sourceTree = "<group>"; };
		4246CCC12520779100143257 /* CCMemoryStyleDemo.app */ = {isa = PBXFileReference; explicitFileType = wrapper.application; includeInIndex = 0; path = CCMemoryStyleDemo.app; sourceTree = BUILT_PRODUCTS_DIR; };
		4246CCC42520779100143257 /* AppDelegate.h */ = {isa = PBXFileReference; lastKnownFileType = sourcecode.c.h; path = AppDelegate.h; sourceTree = "<group>"; };
		4246CCC52520779100143257 /* AppDelegate.m */ = {isa = PBXFileReference; lastKnownFileType = sourcecode.c.objc; path = AppDelegate.m; sourceTree = "<group>"; };
		4246CCC72520779100143257 /* SceneDelegate.h */ = {isa = PBXFileReference; lastKnownFileType = sourcecode.c.h; path = SceneDelegate.h; sourceTree = "<group>"; };
		4246CCC82520779100143257 /* SceneDelegate.m */ = {isa = PBXFileReference; lastKnownFileType = sourcecode.c.objc; path = SceneDelegate.m; sourceTree = "<group>"; };
		4246CCCA2520779100143257 /* ViewController.h */ = {isa = PBXFileReference; lastKnownFileType = sourcecode.c.h; path = ViewController.h; sourceTree = "<group>"; };
		4246CCCB2520779100143257 /* ViewController.m */ = {isa = PBXFileReference; lastKnownFileType = sourcecode.c.objc; path = ViewController.m; sourceTree = "<group>"; };
		4246CCCE2520779100143257 /* Base */ = {isa = PBXFileReference; lastKnownFileType = file.storyboard; name = Base; path = Base.lproj/Main.storyboard; sourceTree = "<group>"; };
		4246CCD02520779300143257 /* Assets.xcassets */ = {isa = PBXFileReference; lastKnownFileType = folder.assetcatalog; path = Assets.xcassets; sourceTree = "<group>"; };
		4246CCD32520779300143257 /* Base */ = {isa = PBXFileReference; lastKnownFileType = file.storyboard; name = Base; path = Base.lproj/LaunchScreen.storyboard; sourceTree = "<group>"; };
		4246CCD52520779300143257 /* Info.plist */ = {isa = PBXFileReference; lastKnownFileType = text.plist.xml; path = Info.plist; sourceTree = "<group>"; };
		4246CCD62520779300143257 /* main.m */ = {isa = PBXFileReference; lastKnownFileType = sourcecode.c.objc; path = main.m; sourceTree = "<group>"; };
		4BEEA7A4352B309D5A7C668A /* Pods-CCMemoryStyleDemo.debug.xcconfig */ = {isa = PBXFileReference; includeInIndex = 1; lastKnownFileType = text.xcconfig; name = "Pods-CCMemoryStyleDemo.debug.xcconfig"; path = "Target Support Files/Pods-CCMemoryStyleDemo/Pods-CCMemoryStyleDemo.debug.xcconfig"; sourceTree = "<group>"; };
		5F59419D5F050B2B284AB061 /* Pods_CCMemoryStyleDemo.framework */ = {isa = PBXFileReference; explicitFileType = wrapper.framework; includeInIndex = 0; path = Pods_CCMemoryStyleDemo.framework; sourceTree = BUILT_PRODUCTS_DIR; };
/* End PBXFileReference section */

/* Begin PBXFrameworksBuildPhase section */
		4246CCBE2520779100143257 /* Frameworks */ = {
			isa = PBXFrameworksBuildPhase;
			buildActionMask = 2147483647;
			files = (
				FF7B492727B81E9A429C7AB5 /* Pods_CCMemoryStyleDemo.framework in Frameworks */,
			);
			runOnlyForDeploymentPostprocessing = 0;
		};
/* End PBXFrameworksBuildPhase section */

/* Begin PBXGroup section */
		4246CCB82520779100143257 = {
			isa = PBXGroup;
			children = (
				4246CCC32520779100143257 /* CCMemoryStyleDemo */,
				4246CCC22520779100143257 /* Products */,
				CD88FA1DE872B380E915DDA8 /* Pods */,
				CC36F255F3336FCDFE6997FF /* Frameworks */,
			);
			sourceTree = "<group>";
		};
		4246CCC22520779100143257 /* Products */ = {
			isa = PBXGroup;
			children = (
				4246CCC12520779100143257 /* CCMemoryStyleDemo.app */,
			);
			name = Products;
			sourceTree = "<group>";
		};
		4246CCC32520779100143257 /* CCMemoryStyleDemo */ = {
			isa = PBXGroup;
			children = (
				4246CCC42520779100143257 /* AppDelegate.h */,
				4246CCC52520779100143257 /* AppDelegate.m */,
				4246CCC72520779100143257 /* SceneDelegate.h */,
				4246CCC82520779100143257 /* SceneDelegate.m */,
				4246CCCA2520779100143257 /* ViewController.h */,
				4246CCCB2520779100143257 /* ViewController.m */,
				4246CCCD2520779100143257 /* Main.storyboard */,
				4246CCD02520779300143257 /* Assets.xcassets */,
				4246CCD22520779300143257 /* LaunchScreen.storyboard */,
				4246CCD52520779300143257 /* Info.plist */,
				4246CCD62520779300143257 /* main.m */,
			);
			path = CCMemoryStyleDemo;
			sourceTree = "<group>";
		};
		CC36F255F3336FCDFE6997FF /* Frameworks */ = {
			isa = PBXGroup;
			children = (
				5F59419D5F050B2B284AB061 /* Pods_CCMemoryStyleDemo.framework */,
			);
			name = Frameworks;
			sourceTree = "<group>";
		};
		CD88FA1DE872B380E915DDA8 /* Pods */ = {
			isa = PBXGroup;
			children = (
				4BEEA7A4352B309D5A7C668A /* Pods-CCMemoryStyleDemo.debug.xcconfig */,
				18F858FF09A89477BA61279A /* Pods-CCMemoryStyleDemo.release.xcconfig */,
			);
			name = Pods;
			path = Pods;
			sourceTree = "<group>";
		};
/* End PBXGroup section */

/* Begin PBXNativeTarget section */
		4246CCC02520779100143257 /* CCMemoryStyleDemo */ = {
			isa = PBXNativeTarget;
			buildConfigurationList = 4246CCDA2520779300143257 /* Build configuration list for PBXNativeTarget "CCMemoryStyleDemo" */;
			buildPhases = (
				610F97DC057CB8E626FBD928 /* [CP] Check Pods Manifest.lock */,
				4246CCBD2520779100143257 /* Sources */,
				4246CCBE2520779100143257 /* Frameworks */,
				4246CCBF2520779100143257 /* Resources */,
				2FB3B652526214AD5B1C83D5 /* [CP] Embed Pods Frameworks */,
			);
			buildRules = (
			);
			dependencies = (
			);
			name = CCMemoryStyleDemo;
			productName = CCMemoryStyleDemo;
			productReference = 4246CCC12520779100143257 /* CCMemoryStyleDemo.app */;
			productType = "com.apple.product-type.application";
		};
/* End PBXNativeTarget section */

/* Begin PBXProject section */
		4246CCB92520779100143257 /* Project object */ = {
			isa = PBXProject;
			attributes = {
				LastUpgradeCheck = 1170;
				ORGANIZATIONNAME = "CC (deng you hua | cworld1000@gmail.com)";
				TargetAttributes = {
					4246CCC02520779100143257 = {
						CreatedOnToolsVersion = 11.7;
					};
				};
			};
			buildConfigurationList = 4246CCBC2520779100143257 /* Build configuration list for PBXProject "CCMemoryStyleDemo" */;
			compatibilityVersion = "Xcode 9.3";
			developmentRegion = en;
			hasScannedForEncodings = 0;
			knownRegions = (
				en,
				Base,
			);
			mainGroup = 4246CCB82520779100143257;
			productRefGroup = 4246CCC22520779100143257 /* Products */;
			projectDirPath = "";
			projectRoot = "";
			targets = (
				4246CCC02520779100143257 /* CCMemoryStyleDemo */,
			);
		};
/* End PBXProject section */

/* Begin PBXResourcesBuildPhase section */
		4246CCBF2520779100143257 /* Resources */ = {
			isa = PBXResourcesBuildPhase;
			buildActionMask = 2147483647;
			files = (
				4246CCD42520779300143257 /* LaunchScreen.storyboard in Resources */,
				4246CCD12520779300143257 /* Assets.xcassets in Resources */,
				4246CCCF2520779100143257 /* Main.storyboard in Resources */,
			);
			runOnlyForDeploymentPostprocessing = 0;
		};
/* End PBXResourcesBuildPhase section */

/* Begin PBXShellScriptBuildPhase section */
		2FB3B652526214AD5B1C83D5 /* [CP] Embed Pods Frameworks */ = {
			isa = PBXShellScriptBuildPhase;
			buildActionMask = 2147483647;
			files = (
			);
			inputFileListPaths = (
				"${PODS_ROOT}/Target Support Files/Pods-CCMemoryStyleDemo/Pods-CCMemoryStyleDemo-frameworks-${CONFIGURATION}-input-files.xcfilelist",
			);
			name = "[CP] Embed Pods Frameworks";
			outputFileListPaths = (
				"${PODS_ROOT}/Target Support Files/Pods-CCMemoryStyleDemo/Pods-CCMemoryStyleDemo-frameworks-${CONFIGURATION}-output-files.xcfilelist",
			);
			runOnlyForDeploymentPostprocessing = 0;
			shellPath = /bin/sh;
			shellScript = "\"${PODS_ROOT}/Target Support Files/Pods-CCMemoryStyleDemo/Pods-CCMemoryStyleDemo-frameworks.sh\"\n";
			showEnvVarsInLog = 0;
		};
		610F97DC057CB8E626FBD928 /* [CP] Check Pods Manifest.lock */ = {
			isa = PBXShellScriptBuildPhase;
			buildActionMask = 2147483647;
			files = (
			);
			inputFileListPaths = (
			);
			inputPaths = (
				"${PODS_PODFILE_DIR_PATH}/Podfile.lock",
				"${PODS_ROOT}/Manifest.lock",
			);
			name = "[CP] Check Pods Manifest.lock";
			outputFileListPaths = (
			);
			outputPaths = (
				"$(DERIVED_FILE_DIR)/Pods-CCMemoryStyleDemo-checkManifestLockResult.txt",
			);
			runOnlyForDeploymentPostprocessing = 0;
			shellPath = /bin/sh;
			shellScript = "diff \"${PODS_PODFILE_DIR_PATH}/Podfile.lock\" \"${PODS_ROOT}/Manifest.lock\" > /dev/null\nif [ $? != 0 ] ; then\n    # print error to STDERR\n    echo \"error: The sandbox is not in sync with the Podfile.lock. Run 'pod install' or update your CocoaPods installation.\" >&2\n    exit 1\nfi\n# This output is used by Xcode 'outputs' to avoid re-running this script phase.\necho \"SUCCESS\" > \"${SCRIPT_OUTPUT_FILE_0}\"\n";
			showEnvVarsInLog = 0;
		};
/* End PBXShellScriptBuildPhase section */

/* Begin PBXSourcesBuildPhase section */
		4246CCBD2520779100143257 /* Sources */ = {
			isa = PBXSourcesBuildPhase;
			buildActionMask = 2147483647;
			files = (
				4246CCCC2520779100143257 /* ViewController.m in Sources */,
				4246CCC62520779100143257 /* AppDelegate.m in Sources */,
				4246CCD72520779300143257 /* main.m in Sources */,
				4246CCC92520779100143257 /* SceneDelegate.m in Sources */,
			);
			runOnlyForDeploymentPostprocessing = 0;
		};
/* End PBXSourcesBuildPhase section */

/* Begin PBXVariantGroup section */
		4246CCCD2520779100143257 /* Main.storyboard */ = {
			isa = PBXVariantGroup;
			children = (
				4246CCCE2520779100143257 /* Base */,
			);
			name = Main.storyboard;
			sourceTree = "<group>";
		};
		4246CCD22520779300143257 /* LaunchScreen.storyboard */ = {
			isa = PBXVariantGroup;
			children = (
				4246CCD32520779300143257 /* Base */,
			);
			name = LaunchScreen.storyboard;
			sourceTree = "<group>";
		};
/* End PBXVariantGroup section */

/* Begin XCBuildConfiguration section */
		4246CCD82520779300143257 /* Debug */ = {
			isa = XCBuildConfiguration;
			buildSettings = {
				ALWAYS_SEARCH_USER_PATHS = NO;
				CLANG_ANALYZER_NONNULL = YES;
				CLANG_ANALYZER_NUMBER_OBJECT_CONVERSION = YES_AGGRESSIVE;
				CLANG_CXX_LANGUAGE_STANDARD = "gnu++14";
				CLANG_CXX_LIBRARY = "libc++";
				CLANG_ENABLE_MODULES = YES;
				CLANG_ENABLE_OBJC_ARC = YES;
				CLANG_ENABLE_OBJC_WEAK = YES;
				CLANG_WARN_BLOCK_CAPTURE_AUTORELEASING = YES;
				CLANG_WARN_BOOL_CONVERSION = YES;
				CLANG_WARN_COMMA = YES;
				CLANG_WARN_CONSTANT_CONVERSION = YES;
				CLANG_WARN_DEPRECATED_OBJC_IMPLEMENTATIONS = YES;
				CLANG_WARN_DIRECT_OBJC_ISA_USAGE = YES_ERROR;
				CLANG_WARN_DOCUMENTATION_COMMENTS = YES;
				CLANG_WARN_EMPTY_BODY = YES;
				CLANG_WARN_ENUM_CONVERSION = YES;
				CLANG_WARN_INFINITE_RECURSION = YES;
				CLANG_WARN_INT_CONVERSION = YES;
				CLANG_WARN_NON_LITERAL_NULL_CONVERSION = YES;
				CLANG_WARN_OBJC_IMPLICIT_RETAIN_SELF = YES;
				CLANG_WARN_OBJC_LITERAL_CONVERSION = YES;
				CLANG_WARN_OBJC_ROOT_CLASS = YES_ERROR;
				CLANG_WARN_RANGE_LOOP_ANALYSIS = YES;
				CLANG_WARN_STRICT_PROTOTYPES = YES;
				CLANG_WARN_SUSPICIOUS_MOVE = YES;
				CLANG_WARN_UNGUARDED_AVAILABILITY = YES_AGGRESSIVE;
				CLANG_WARN_UNREACHABLE_CODE = YES;
				CLANG_WARN__DUPLICATE_METHOD_MATCH = YES;
				COPY_PHASE_STRIP = NO;
				DEBUG_INFORMATION_FORMAT = dwarf;
				ENABLE_STRICT_OBJC_MSGSEND = YES;
				ENABLE_TESTABILITY = YES;
				GCC_C_LANGUAGE_STANDARD = gnu11;
				GCC_DYNAMIC_NO_PIC = NO;
				GCC_NO_COMMON_BLOCKS = YES;
				GCC_OPTIMIZATION_LEVEL = 0;
				GCC_PREPROCESSOR_DEFINITIONS = (
					"DEBUG=1",
					"$(inherited)",
				);
				GCC_WARN_64_TO_32_BIT_CONVERSION = YES;
				GCC_WARN_ABOUT_RETURN_TYPE = YES_ERROR;
				GCC_WARN_UNDECLARED_SELECTOR = YES;
				GCC_WARN_UNINITIALIZED_AUTOS = YES_AGGRESSIVE;
				GCC_WARN_UNUSED_FUNCTION = YES;
				GCC_WARN_UNUSED_VARIABLE = YES;
				IPHONEOS_DEPLOYMENT_TARGET = 13.7;
				MTL_ENABLE_DEBUG_INFO = INCLUDE_SOURCE;
				MTL_FAST_MATH = YES;
				ONLY_ACTIVE_ARCH = YES;
				SDKROOT = iphoneos;
			};
			name = Debug;
		};
		4246CCD92520779300143257 /* Release */ = {
			isa = XCBuildConfiguration;
			buildSettings = {
				ALWAYS_SEARCH_USER_PATHS = NO;
				CLANG_ANALYZER_NONNULL = YES;
				CLANG_ANALYZER_NUMBER_OBJECT_CONVERSION = YES_AGGRESSIVE;
				CLANG_CXX_LANGUAGE_STANDARD = "gnu++14";
				CLANG_CXX_LIBRARY = "libc++";
				CLANG_ENABLE_MODULES = YES;
				CLANG_ENABLE_OBJC_ARC = YES;
				CLANG_ENABLE_OBJC_WEAK = YES;
				CLANG_WARN_BLOCK_CAPTURE_AUTORELEASING = YES;
				CLANG_WARN_BOOL_CONVERSION = YES;
				CLANG_WARN_COMMA = YES;
				CLANG_WARN_CONSTANT_CONVERSION = YES;
				CLANG_WARN_DEPRECATED_OBJC_IMPLEMENTATIONS = YES;
				CLANG_WARN_DIRECT_OBJC_ISA_USAGE = YES_ERROR;
				CLANG_WARN_DOCUMENTATION_COMMENTS = YES;
				CLANG_WARN_EMPTY_BODY = YES;
				CLANG_WARN_ENUM_CONVERSION = YES;
				CLANG_WARN_INFINITE_RECURSION = YES;
				CLANG_WARN_INT_CONVERSION = YES;
				CLANG_WARN_NON_LITERAL_NULL_CONVERSION = YES;
				CLANG_WARN_OBJC_IMPLICIT_RETAIN_SELF = YES;
				CLANG_WARN_OBJC_LITERAL_CONVERSION = YES;
				CLANG_WARN_OBJC_ROOT_CLASS = YES_ERROR;
				CLANG_WARN_RANGE_LOOP_ANALYSIS = YES;
				CLANG_WARN_STRICT_PROTOTYPES = YES;
				CLANG_WARN_SUSPICIOUS_MOVE = YES;
				CLANG_WARN_UNGUARDED_AVAILABILITY = YES_AGGRESSIVE;
				CLANG_WARN_UNREACHABLE_CODE = YES;
				CLANG_WARN__DUPLICATE_METHOD_MATCH = YES;
				COPY_PHASE_STRIP = NO;
				DEBUG_INFORMATION_FORMAT = "dwarf-with-dsym";
				ENABLE_NS_ASSERTIONS = NO;
				ENABLE_STRICT_OBJC_MSGSEND = YES;
				GCC_C_LANGUAGE_STANDARD = gnu11;
				GCC_NO_COMMON_BLOCKS = YES;
				GCC_WARN_64_TO_32_BIT_CONVERSION = YES;
				GCC_WARN_ABOUT_RETURN_TYPE = YES_ERROR;
				GCC_WARN_UNDECLARED_SELECTOR = YES;
				GCC_WARN_UNINITIALIZED_AUTOS = YES_AGGRESSIVE;
				GCC_WARN_UNUSED_FUNCTION = YES;
				GCC_WARN_UNUSED_VARIABLE = YES;
				IPHONEOS_DEPLOYMENT_TARGET = 13.7;
				MTL_ENABLE_DEBUG_INFO = NO;
				MTL_FAST_MATH = YES;
				SDKROOT = iphoneos;
				VALIDATE_PRODUCT = YES;
			};
			name = Release;
		};
		4246CCDB2520779300143257 /* Debug */ = {
			isa = XCBuildConfiguration;
			baseConfigurationReference = 4BEEA7A4352B309D5A7C668A /* Pods-CCMemoryStyleDemo.debug.xcconfig */;
			buildSettings = {
				ASSETCATALOG_COMPILER_APPICON_NAME = AppIcon;
				CODE_SIGN_STYLE = Automatic;
				INFOPLIST_FILE = CCMemoryStyleDemo/Info.plist;
				LD_RUNPATH_SEARCH_PATHS = (
					"$(inherited)",
					"@executable_path/Frameworks",
				);
				PRODUCT_BUNDLE_IDENTIFIER = com.cc.CCMemoryStyleDemo;
				PRODUCT_NAME = "$(TARGET_NAME)";
				TARGETED_DEVICE_FAMILY = "1,2";
			};
			name = Debug;
		};
		4246CCDC2520779300143257 /* Release */ = {
			isa = XCBuildConfiguration;
			baseConfigurationReference = 18F858FF09A89477BA61279A /* Pods-CCMemoryStyleDemo.release.xcconfig */;
			buildSettings = {
				ASSETCATALOG_COMPILER_APPICON_NAME = AppIcon;
				CODE_SIGN_STYLE = Automatic;
				INFOPLIST_FILE = CCMemoryStyleDemo/Info.plist;
				LD_RUNPATH_SEARCH_PATHS = (
					"$(inherited)",
					"@executable_path/Frameworks",
				);
				PRODUCT_BUNDLE_IDENTIFIER = com.cc.CCMemoryStyleDemo;
				PRODUCT_NAME = "$(TARGET_NAME)";
				TARGETED_DEVICE_FAMILY = "1,2";
			};
			name = Release;
		};
/* End XCBuildConfiguration section */

/* Begin XCConfigurationList section */
		4246CCBC2520779100143257 /* Build configuration list for PBXProject "CCMemoryStyleDemo" */ = {
			isa = XCConfigurationList;
			buildConfigurations = (
				4246CCD82520779300143257 /* Debug */,
				4246CCD92520779300143257 /* Release */,
			);
			defaultConfigurationIsVisible = 0;
			defaultConfigurationName = Release;
		};
		4246CCDA2520779300143257 /* Build configuration list for PBXNativeTarget "CCMemoryStyleDemo" */ = {
			isa = XCConfigurationList;
			buildConfigurations = (
				4246CCDB2520779300143257 /* Debug */,
				4246CCDC2520779300143257 /* Release */,
			);
			defaultConfigurationIsVisible = 0;
			defaultConfigurationName = Release;
		};
/* End XCConfigurationList section */
	};
	rootObject = 4246CCB92520779100143257 /* Project object */;
}
